
Microsoft Visual Studio Solution File, Format Version 11.00
# Visual Studio 2010
# SharpDevelop 5.1
Project("{FAE04EC0-301F-11D3-BF4B-00C04F79EFBC}") = "TryThird", "TryThird\TryThird.csproj", "{3E97F734-8604-4789-8DCA-EB4513DFEF11}"
EndProject
Global
	GlobalSection(SolutionConfigurationPlatforms) = preSolution
		Debug|Any CPU = Debug|Any CPU
		Release|Any CPU = Release|Any CPU
	EndGlobalSection
	GlobalSection(ProjectConfigurationPlatforms) = postSolution
		{3E97F734-8604-4789-8DCA-EB4513DFEF11}.Debug|Any CPU.ActiveCfg = Debug|Any CPU
		{3E97F734-8604-4789-8DCA-EB4513DFEF11}.Debug|Any CPU.Build.0 = Debug|Any CPU
		{3E97F734-8604-4789-8DCA-EB4513DFEF11}.Release|Any CPU.ActiveCfg = Release|Any CPU
		{3E97F734-8604-4789-8DCA-EB4513DFEF11}.Release|Any CPU.Build.0 = Release|Any CPU
	EndGlobalSection
EndGlobal
